// !$*UTF8*$!
{
	archiveVersion = 1;
	classes = {
	};
	objectVersion = 50;
	objects = {

/* Begin PBXBuildFile section */
		92418B1A24F49C8400597B06 /* AppDelegate.swift in Sources */ = {isa = PBXBuildFile; fileRef = 92418B1924F49C8400597B06 /* AppDelegate.swift */; };
		92418B1C24F49C8400597B06 /* SceneDelegate.swift in Sources */ = {isa = PBXBuildFile; fileRef = 92418B1B24F49C8400597B06 /* SceneDelegate.swift */; };
		92418B1E24F49C8400597B06 /* ContentView.swift in Sources */ = {isa = PBXBuildFile; fileRef = 92418B1D24F49C8400597B06 /* ContentView.swift */; };
		92418B2024F49C8500597B06 /* Assets.xcassets in Resources */ = {isa = PBXBuildFile; fileRef = 92418B1F24F49C8500597B06 /* Assets.xcassets */; };
		92418B2324F49C8500597B06 /* Preview Assets.xcassets in Resources */ = {isa = PBXBuildFile; fileRef = 92418B2224F49C8500597B06 /* Preview Assets.xcassets */; };
		92418B2624F49C8500597B06 /* LaunchScreen.storyboard in Resources */ = {isa = PBXBuildFile; fileRef = 92418B2424F49C8500597B06 /* LaunchScreen.storyboard */; };
		92418B3124F49C8500597B06 /* LMACounterTests.swift in Sources */ = {isa = PBXBuildFile; fileRef = 92418B3024F49C8500597B06 /* LMACounterTests.swift */; };
/* End PBXBuildFile section */

/* Begin PBXContainerItemProxy section */
		92418B2D24F49C8500597B06 /* PBXContainerItemProxy */ = {
			isa = PBXContainerItemProxy;
			containerPortal = 92418B0E24F49C8400597B06 /* Project object */;
			proxyType = 1;
			remoteGlobalIDString = 92418B1524F49C8400597B06;
			remoteInfo = LMACounter;
		};
/* End PBXContainerItemProxy section */

/* Begin PBXFileReference section */
		92418B1624F49C8400597B06 /* LMACounter.app */ = {isa = PBXFileReference; explicitFileType = wrapper.application; includeInIndex = 0; path = LMACounter.app; sourceTree = BUILT_PRODUCTS_DIR; };
		92418B1924F49C8400597B06 /* AppDelegate.swift */ = {isa = PBXFileReference; lastKnownFileType = sourcecode.swift; path = AppDelegate.swift; sourceTree = "<group>"; };
		92418B1B24F49C8400597B06 /* SceneDelegate.swift */ = {isa = PBXFileReference; lastKnownFileType = sourcecode.swift; path = SceneDelegate.swift; sourceTree = "<group>"; };
		92418B1D24F49C8400597B06 /* ContentView.swift */ = {isa = PBXFileReference; lastKnownFileType = sourcecode.swift; path = ContentView.swift; sourceTree = "<group>"; };
		92418B1F24F49C8500597B06 /* Assets.xcassets */ = {isa = PBXFileReference; lastKnownFileType = folder.assetcatalog; path = Assets.xcassets; sourceTree = "<group>"; };
		92418B2224F49C8500597B06 /* Preview Assets.xcassets */ = {isa = PBXFileReference; lastKnownFileType = folder.assetcatalog; path = "Preview Assets.xcassets"; sourceTree = "<group>"; };
		92418B2524F49C8500597B06 /* Base */ = {isa = PBXFileReference; lastKnownFileType = file.storyboard; name = Base; path = Base.lproj/LaunchScreen.storyboard; sourceTree = "<group>"; };
		92418B2724F49C8500597B06 /* Info.plist */ = {isa = PBXFileReference; lastKnownFileType = text.plist.xml; path = Info.plist; sourceTree = "<group>"; };
		92418B2C24F49C8500597B06 /* LMACounterTests.xctest */ = {isa = PBXFileReference; explicitFileType = wrapper.cfbundle; includeInIndex = 0; path = LMACounterTests.xctest; sourceTree = BUILT_PRODUCTS_DIR; };
		92418B3024F49C8500597B06 /* LMACounterTests.swift */ = {isa = PBXFileReference; lastKnownFileType = sourcecode.swift; path = LMACounterTests.swift; sourceTree = "<group>"; };
		92418B3224F49C8500597B06 /* Info.plist */ = {isa = PBXFileReference; lastKnownFileType = text.plist.xml; path = Info.plist; sourceTree = "<group>"; };
/* End PBXFileReference section */

/* Begin PBXFrameworksBuildPhase section */
		92418B1324F49C8400597B06 /* Frameworks */ = {
			isa = PBXFrameworksBuildPhase;
			buildActionMask = 2147483647;
			files = (
			);
			runOnlyForDeploymentPostprocessing = 0;
		};
		92418B2924F49C8500597B06 /* Frameworks */ = {
			isa = PBXFrameworksBuildPhase;
			buildActionMask = 2147483647;
			files = (
			);
			runOnlyForDeploymentPostprocessing = 0;
		};
/* End PBXFrameworksBuildPhase section */

/* Begin PBXGroup section */
		92418B0D24F49C8400597B06 = {
			isa = PBXGroup;
			children = (
				92418B1824F49C8400597B06 /* LMACounter */,
				92418B2F24F49C8500597B06 /* LMACounterTests */,
				92418B1724F49C8400597B06 /* Products */,
			);
			sourceTree = "<group>";
		};
		92418B1724F49C8400597B06 /* Products */ = {
			isa = PBXGroup;
			children = (
				92418B1624F49C8400597B06 /* LMACounter.app */,
				92418B2C24F49C8500597B06 /* LMACounterTests.xctest */,
			);
			name = Products;
			sourceTree = "<group>";
		};
		92418B1824F49C8400597B06 /* LMACounter */ = {
			isa = PBXGroup;
			children = (
				92418B1924F49C8400597B06 /* AppDelegate.swift */,
				92418B1B24F49C8400597B06 /* SceneDelegate.swift */,
				92418B1D24F49C8400597B06 /* ContentView.swift */,
				92418B1F24F49C8500597B06 /* Assets.xcassets */,
				92418B2424F49C8500597B06 /* LaunchScreen.storyboard */,
				92418B2724F49C8500597B06 /* Info.plist */,
				92418B2124F49C8500597B06 /* Preview Content */,
			);
			path = LMACounter;
			sourceTree = "<group>";
		};
		92418B2124F49C8500597B06 /* Preview Content */ = {
			isa = PBXGroup;
			children = (
				92418B2224F49C8500597B06 /* Preview Assets.xcassets */,
			);
			path = "Preview Content";
			sourceTree = "<group>";
		};
		92418B2F24F49C8500597B06 /* LMACounterTests */ = {
			isa = PBXGroup;
			children = (
				92418B3024F49C8500597B06 /* LMACounterTests.swift */,
				92418B3224F49C8500597B06 /* Info.plist */,
			);
			path = LMACounterTests;
			sourceTree = "<group>";
		};
/* End PBXGroup section */

/* Begin PBXNativeTarget section */
		92418B1524F49C8400597B06 /* LMACounter */ = {
			isa = PBXNativeTarget;
			buildConfigurationList = 92418B3524F49C8500597B06 /* Build configuration list for PBXNativeTarget "LMACounter" */;
			buildPhases = (
				92418B1224F49C8400597B06 /* Sources */,
				92418B1324F49C8400597B06 /* Frameworks */,
				92418B1424F49C8400597B06 /* Resources */,
			);
			buildRules = (
			);
			dependencies = (
			);
			name = LMACounter;
			productName = LMACounter;
			productReference = 92418B1624F49C8400597B06 /* LMACounter.app */;
			productType = "com.apple.product-type.application";
		};
		92418B2B24F49C8500597B06 /* LMACounterTests */ = {
			isa = PBXNativeTarget;
			buildConfigurationList = 92418B3824F49C8500597B06 /* Build configuration list for PBXNativeTarget "LMACounterTests" */;
			buildPhases = (
				92418B2824F49C8500597B06 /* Sources */,
				92418B2924F49C8500597B06 /* Frameworks */,
				92418B2A24F49C8500597B06 /* Resources */,
			);
			buildRules = (
			);
			dependencies = (
				92418B2E24F49C8500597B06 /* PBXTargetDependency */,
			);
			name = LMACounterTests;
			productName = LMACounterTests;
			productReference = 92418B2C24F49C8500597B06 /* LMACounterTests.xctest */;
			productType = "com.apple.product-type.bundle.unit-test";
		};
/* End PBXNativeTarget section */

/* Begin PBXProject section */
		92418B0E24F49C8400597B06 /* Project object */ = {
			isa = PBXProject;
			attributes = {
				LastSwiftUpdateCheck = 1160;
				LastUpgradeCheck = 1160;
				ORGANIZATIONNAME = "Learn Make Application";
				TargetAttributes = {
					92418B1524F49C8400597B06 = {
						CreatedOnToolsVersion = 11.6;
					};
					92418B2B24F49C8500597B06 = {
						CreatedOnToolsVersion = 11.6;
						TestTargetID = 92418B1524F49C8400597B06;
					};
				};
			};
			buildConfigurationList = 92418B1124F49C8400597B06 /* Build configuration list for PBXProject "LMACounter" */;
			compatibilityVersion = "Xcode 9.3";
			developmentRegion = en;
			hasScannedForEncodings = 0;
			knownRegions = (
				en,
				Base,
			);
			mainGroup = 92418B0D24F49C8400597B06;
			productRefGroup = 92418B1724F49C8400597B06 /* Products */;
			projectDirPath = "";
			projectRoot = "";
			targets = (
				92418B1524F49C8400597B06 /* LMACounter */,
				92418B2B24F49C8500597B06 /* LMACounterTests */,
			);
		};
/* End PBXProject section */

/* Begin PBXResourcesBuildPhase section */
		92418B1424F49C8400597B06 /* Resources */ = {
			isa = PBXResourcesBuildPhase;
			buildActionMask = 2147483647;
			files = (
				92418B2624F49C8500597B06 /* LaunchScreen.storyboard in Resources */,
				92418B2324F49C8500597B06 /* Preview Assets.xcassets in Resources */,
				92418B2024F49C8500597B06 /* Assets.xcassets in Resources */,
			);
			runOnlyForDeploymentPostprocessing = 0;
		};
		92418B2A24F49C8500597B06 /* Resources */ = {
			isa = PBXResourcesBuildPhase;
			buildActionMask = 2147483647;
			files = (
			);
			runOnlyForDeploymentPostprocessing = 0;
		};
/* End PBXResourcesBuildPhase section */

/* Begin PBXSourcesBuildPhase section */
		92418B1224F49C8400597B06 /* Sources */ = {
			isa = PBXSourcesBuildPhase;
			buildActionMask = 2147483647;
			files = (
				92418B1A24F49C8400597B06 /* AppDelegate.swift in Sources */,
				92418B1C24F49C8400597B06 /* SceneDelegate.swift in Sources */,
				92418B1E24F49C8400597B06 /* ContentView.swift in Sources */,
			);
			runOnlyForDeploymentPostprocessing = 0;
		};
		92418B2824F49C8500597B06 /* Sources */ = {
			isa = PBXSourcesBuildPhase;
			buildActionMask = 2147483647;
			files = (
				92418B3124F49C8500597B06 /* LMACounterTests.swift in Sources */,
			);
			runOnlyForDeploymentPostprocessing = 0;
		};
/* End PBXSourcesBuildPhase section */

/* Begin PBXTargetDependency section */
		92418B2E24F49C8500597B06 /* PBXTargetDependency */ = {
			isa = PBXTargetDependency;
			target = 92418B1524F49C8400597B06 /* LMACounter */;
			targetProxy = 92418B2D24F49C8500597B06 /* PBXContainerItemProxy */;
		};
/* End PBXTargetDependency section */

/* Begin PBXVariantGroup section */
		92418B2424F49C8500597B06 /* LaunchScreen.storyboard */ = {
			isa = PBXVariantGroup;
			children = (
				92418B2524F49C8500597B06 /* Base */,
			);
			name = LaunchScreen.storyboard;
			sourceTree = "<group>";
		};
/* End PBXVariantGroup section */

/* Begin XCBuildConfiguration section */
		92418B3324F49C8500597B06 /* Debug */ = {
			isa = XCBuildConfiguration;
			buildSettings = {
				ALWAYS_SEARCH_USER_PATHS = NO;
				CLANG_ANALYZER_NONNULL = YES;
				CLANG_ANALYZER_NUMBER_OBJECT_CONVERSION = YES_AGGRESSIVE;
				CLANG_CXX_LANGUAGE_STANDARD = "gnu++14";
				CLANG_CXX_LIBRARY = "libc++";
				CLANG_ENABLE_MODULES = YES;
				CLANG_ENABLE_OBJC_ARC = YES;
				CLANG_ENABLE_OBJC_WEAK = YES;
				CLANG_WARN_BLOCK_CAPTURE_AUTORELEASING = YES;
				CLANG_WARN_BOOL_CONVERSION = YES;
				CLANG_WARN_COMMA = YES;
				CLANG_WARN_CONSTANT_CONVERSION = YES;
				CLANG_WARN_DEPRECATED_OBJC_IMPLEMENTATIONS = YES;
				CLANG_WARN_DIRECT_OBJC_ISA_USAGE = YES_ERROR;
				CLANG_WARN_DOCUMENTATION_COMMENTS = YES;
				CLANG_WARN_EMPTY_BODY = YES;
				CLANG_WARN_ENUM_CONVERSION = YES;
				CLANG_WARN_INFINITE_RECURSION = YES;
				CLANG_WARN_INT_CONVERSION = YES;
				CLANG_WARN_NON_LITERAL_NULL_CONVERSION = YES;
				CLANG_WARN_OBJC_IMPLICIT_RETAIN_SELF = YES;
				CLANG_WARN_OBJC_LITERAL_CONVERSION = YES;
				CLANG_WARN_OBJC_ROOT_CLASS = YES_ERROR;
				CLANG_WARN_RANGE_LOOP_ANALYSIS = YES;
				CLANG_WARN_STRICT_PROTOTYPES = YES;
				CLANG_WARN_SUSPICIOUS_MOVE = YES;
				CLANG_WARN_UNGUARDED_AVAILABILITY = YES_AGGRESSIVE;
				CLANG_WARN_UNREACHABLE_CODE = YES;
				CLANG_WARN__DUPLICATE_METHOD_MATCH = YES;
				COPY_PHASE_STRIP = NO;
				DEBUG_INFORMATION_FORMAT = dwarf;
				ENABLE_STRICT_OBJC_MSGSEND = YES;
				ENABLE_TESTABILITY = YES;
				GCC_C_LANGUAGE_STANDARD = gnu11;
				GCC_DYNAMIC_NO_PIC = NO;
				GCC_NO_COMMON_BLOCKS = YES;
				GCC_OPTIMIZATION_LEVEL = 0;
				GCC_PREPROCESSOR_DEFINITIONS = (
					"DEBUG=1",
					"$(inherited)",
				);
				GCC_WARN_64_TO_32_BIT_CONVERSION = YES;
				GCC_WARN_ABOUT_RETURN_TYPE = YES_ERROR;
				GCC_WARN_UNDECLARED_SELECTOR = YES;
				GCC_WARN_UNINITIALIZED_AUTOS = YES_AGGRESSIVE;
				GCC_WARN_UNUSED_FUNCTION = YES;
				GCC_WARN_UNUSED_VARIABLE = YES;
				IPHONEOS_DEPLOYMENT_TARGET = 13.6;
				MTL_ENABLE_DEBUG_INFO = INCLUDE_SOURCE;
				MTL_FAST_MATH = YES;
				ONLY_ACTIVE_ARCH = YES;
				SDKROOT = iphoneos;
				SWIFT_ACTIVE_COMPILATION_CONDITIONS = DEBUG;
				SWIFT_OPTIMIZATION_LEVEL = "-Onone";
			};
			name = Debug;
		};
		92418B3424F49C8500597B06 /* Release */ = {
			isa = XCBuildConfiguration;
			buildSettings = {
				ALWAYS_SEARCH_USER_PATHS = NO;
				CLANG_ANALYZER_NONNULL = YES;
				CLANG_ANALYZER_NUMBER_OBJECT_CONVERSION = YES_AGGRESSIVE;
				CLANG_CXX_LANGUAGE_STANDARD = "gnu++14";
				CLANG_CXX_LIBRARY = "libc++";
				CLANG_ENABLE_MODULES = YES;
				CLANG_ENABLE_OBJC_ARC = YES;
				CLANG_ENABLE_OBJC_WEAK = YES;
				CLANG_WARN_BLOCK_CAPTURE_AUTORELEASING = YES;
				CLANG_WARN_BOOL_CONVERSION = YES;
				CLANG_WARN_COMMA = YES;
				CLANG_WARN_CONSTANT_CONVERSION = YES;
				CLANG_WARN_DEPRECATED_OBJC_IMPLEMENTATIONS = YES;
				CLANG_WARN_DIRECT_OBJC_ISA_USAGE = YES_ERROR;
				CLANG_WARN_DOCUMENTATION_COMMENTS = YES;
				CLANG_WARN_EMPTY_BODY = YES;
				CLANG_WARN_ENUM_CONVERSION = YES;
				CLANG_WARN_INFINITE_RECURSION = YES;
				CLANG_WARN_INT_CONVERSION = YES;
				CLANG_WARN_NON_LITERAL_NULL_CONVERSION = YES;
				CLANG_WARN_OBJC_IMPLICIT_RETAIN_SELF = YES;
				CLANG_WARN_OBJC_LITERAL_CONVERSION = YES;
				CLANG_WARN_OBJC_ROOT_CLASS = YES_ERROR;
				CLANG_WARN_RANGE_LOOP_ANALYSIS = YES;
				CLANG_WARN_STRICT_PROTOTYPES = YES;
				CLANG_WARN_SUSPICIOUS_MOVE = YES;
				CLANG_WARN_UNGUARDED_AVAILABILITY = YES_AGGRESSIVE;
				CLANG_WARN_UNREACHABLE_CODE = YES;
				CLANG_WARN__DUPLICATE_METHOD_MATCH = YES;
				COPY_PHASE_STRIP = NO;
				DEBUG_INFORMATION_FORMAT = "dwarf-with-dsym";
				ENABLE_NS_ASSERTIONS = NO;
				ENABLE_STRICT_OBJC_MSGSEND = YES;
				GCC_C_LANGUAGE_STANDARD = gnu11;
				GCC_NO_COMMON_BLOCKS = YES;
				GCC_WARN_64_TO_32_BIT_CONVERSION = YES;
				GCC_WARN_ABOUT_RETURN_TYPE = YES_ERROR;
				GCC_WARN_UNDECLARED_SELECTOR = YES;
				GCC_WARN_UNINITIALIZED_AUTOS = YES_AGGRESSIVE;
				GCC_WARN_UNUSED_FUNCTION = YES;
				GCC_WARN_UNUSED_VARIABLE = YES;
				IPHONEOS_DEPLOYMENT_TARGET = 13.6;
				MTL_ENABLE_DEBUG_INFO = NO;
				MTL_FAST_MATH = YES;
				SDKROOT = iphoneos;
				SWIFT_COMPILATION_MODE = wholemodule;
				SWIFT_OPTIMIZATION_LEVEL = "-O";
				VALIDATE_PRODUCT = YES;
			};
			name = Release;
		};
		92418B3624F49C8500597B06 /* Debug */ = {
			isa = XCBuildConfiguration;
			buildSettings = {
				ASSETCATALOG_COMPILER_APPICON_NAME = AppIcon;
				CODE_SIGN_STYLE = Automatic;
				DEVELOPMENT_ASSET_PATHS = "\"LMACounter/Preview Content\"";
				DEVELOPMENT_TEAM = V6T249GHKX;
				ENABLE_PREVIEWS = YES;
				INFOPLIST_FILE = LMACounter/Info.plist;
				LD_RUNPATH_SEARCH_PATHS = (
					"$(inherited)",
					"@executable_path/Frameworks",
				);
				PRODUCT_BUNDLE_IDENTIFIER = app.learnmake.LMACounter;
				PRODUCT_NAME = "$(TARGET_NAME)";
				SWIFT_VERSION = 5.0;
				TARGETED_DEVICE_FAMILY = "1,2";
			};
			name = Debug;
		};
		92418B3724F49C8500597B06 /* Release */ = {
			isa = XCBuildConfiguration;
			buildSettings = {
				ASSETCATALOG_COMPILER_APPICON_NAME = AppIcon;
				CODE_SIGN_STYLE = Automatic;
				DEVELOPMENT_ASSET_PATHS = "\"LMACounter/Preview Content\"";
				DEVELOPMENT_TEAM = V6T249GHKX;
				ENABLE_PREVIEWS = YES;
				INFOPLIST_FILE = LMACounter/Info.plist;
				LD_RUNPATH_SEARCH_PATHS = (
					"$(inherited)",
					"@executable_path/Frameworks",
				);
				PRODUCT_BUNDLE_IDENTIFIER = app.learnmake.LMACounter;
				PRODUCT_NAME = "$(TARGET_NAME)";
				SWIFT_VERSION = 5.0;
				TARGETED_DEVICE_FAMILY = "1,2";
			};
			name = Release;
		};
		92418B3924F49C8500597B06 /* Debug */ = {
			isa = XCBuildConfiguration;
			buildSettings = {
				ALWAYS_EMBED_SWIFT_STANDARD_LIBRARIES = YES;
				BUNDLE_LOADER = "$(TEST_HOST)";
				CODE_SIGN_STYLE = Automatic;
				DEVELOPMENT_TEAM = V6T249GHKX;
				INFOPLIST_FILE = LMACounterTests/Info.plist;
				IPHONEOS_DEPLOYMENT_TARGET = 13.6;
				LD_RUNPATH_SEARCH_PATHS = (
					"$(inherited)",
					"@executable_path/Frameworks",
					"@loader_path/Frameworks",
				);
				PRODUCT_BUNDLE_IDENTIFIER = app.learnmake.LMACounterTests;
				PRODUCT_NAME = "$(TARGET_NAME)";
				SWIFT_VERSION = 5.0;
				TARGETED_DEVICE_FAMILY = "1,2";
				TEST_HOST = "$(BUILT_PRODUCTS_DIR)/LMACounter.app/LMACounter";
			};
			name = Debug;
		};
		92418B3A24F49C8500597B06 /* Release */ = {
			isa = XCBuildConfiguration;
			buildSettings = {
				ALWAYS_EMBED_SWIFT_STANDARD_LIBRARIES = YES;
				BUNDLE_LOADER = "$(TEST_HOST)";
				CODE_SIGN_STYLE = Automatic;
				DEVELOPMENT_TEAM = V6T249GHKX;
				INFOPLIST_FILE = LMACounterTests/Info.plist;
				IPHONEOS_DEPLOYMENT_TARGET = 13.6;
				LD_RUNPATH_SEARCH_PATHS = (
					"$(inherited)",
					"@executable_path/Frameworks",
					"@loader_path/Frameworks",
				);
				PRODUCT_BUNDLE_IDENTIFIER = app.learnmake.LMACounterTests;
				PRODUCT_NAME = "$(TARGET_NAME)";
				SWIFT_VERSION = 5.0;
				TARGETED_DEVICE_FAMILY = "1,2";
				TEST_HOST = "$(BUILT_PRODUCTS_DIR)/LMACounter.app/LMACounter";
			};
			name = Release;
		};
/* End XCBuildConfiguration section */

/* Begin XCConfigurationList section */
		92418B1124F49C8400597B06 /* Build configuration list for PBXProject "LMACounter" */ = {
			isa = XCConfigurationList;
			buildConfigurations = (
				92418B3324F49C8500597B06 /* Debug */,
				92418B3424F49C8500597B06 /* Release */,
			);
			defaultConfigurationIsVisible = 0;
			defaultConfigurationName = Release;
		};
		92418B3524F49C8500597B06 /* Build configuration list for PBXNativeTarget "LMACounter" */ = {
			isa = XCConfigurationList;
			buildConfigurations = (
				92418B3624F49C8500597B06 /* Debug */,
				92418B3724F49C8500597B06 /* Release */,
			);
			defaultConfigurationIsVisible = 0;
			defaultConfigurationName = Release;
		};
		92418B3824F49C8500597B06 /* Build configuration list for PBXNativeTarget "LMACounterTests" */ = {
			isa = XCConfigurationList;
			buildConfigurations = (
				92418B3924F49C8500597B06 /* Debug */,
				92418B3A24F49C8500597B06 /* Release */,
			);
			defaultConfigurationIsVisible = 0;
			defaultConfigurationName = Release;
		};
/* End XCConfigurationList section */
	};
	rootObject = 92418B0E24F49C8400597B06 /* Project object */;
}
